
Microsoft Visual Studio Solution File, Format Version 12.00
# Visual Studio Version 16
VisualStudioVersion = 16.0.30503.244
MinimumVisualStudioVersion = 10.0.40219.1
Project("{FAE04EC0-301F-11D3-BF4B-00C04F79EFBC}") = "FBIOperation.UWP", "FBIOperation\FBIOperation.UWP\FBIOperation.UWP.csproj", "{74B59ACF-A814-4E84-AB90-BEC59BF85550}"
EndProject
Project("{FAE04EC0-301F-11D3-BF4B-00C04F79EFBC}") = "FBIOperation.Android", "FBIOperation\FBIOperation.Android\FBIOperation.Android.csproj", "{7E8AB856-1064-468B-8431-943FEC624B80}"
EndProject
Project("{FAE04EC0-301F-11D3-BF4B-00C04F79EFBC}") = "FBIOperation.iOS", "FBIOperation\FBIOperation.iOS\FBIOperation.iOS.csproj", "{8CF876A3-7B8F-4348-ACE1-427CC9D5DD11}"
EndProject
Project("{FAE04EC0-301F-11D3-BF4B-00C04F79EFBC}") = "FBIOperation", "FBIOperation\FBIOperation\FBIOperation.csproj", "{C400CB7B-6BA1-432C-903A-45BB359C6F04}"
EndProject
Global
	GlobalSection(SolutionConfigurationPlatforms) = preSolution
		Debug|Any CPU = Debug|Any CPU
		Debug|ARM = Debug|ARM
		Debug|iPhone = Debug|iPhone
		Debug|iPhoneSimulator = Debug|iPhoneSimulator
		Debug|x64 = Debug|x64
		Debug|x86 = Debug|x86
		Release|Any CPU = Release|Any CPU
		Release|ARM = Release|ARM
		Release|iPhone = Release|iPhone
		Release|iPhoneSimulator = Release|iPhoneSimulator
		Release|x64 = Release|x64
		Release|x86 = Release|x86
	EndGlobalSection
	GlobalSection(ProjectConfigurationPlatforms) = postSolution
		{74B59ACF-A814-4E84-AB90-BEC59BF85550}.Debug|Any CPU.ActiveCfg = Debug|x86
		{74B59ACF-A814-4E84-AB90-BEC59BF85550}.Debug|Any CPU.Build.0 = Debug|x86
		{74B59ACF-A814-4E84-AB90-BEC59BF85550}.Debug|Any CPU.Deploy.0 = Debug|x86
		{74B59ACF-A814-4E84-AB90-BEC59BF85550}.Debug|ARM.ActiveCfg = Debug|ARM
		{74B59ACF-A814-4E84-AB90-BEC59BF85550}.Debug|ARM.Build.0 = Debug|ARM
		{74B59ACF-A814-4E84-AB90-BEC59BF85550}.Debug|ARM.Deploy.0 = Debug|ARM
		{74B59ACF-A814-4E84-AB90-BEC59BF85550}.Debug|iPhone.ActiveCfg = Debug|x86
		{74B59ACF-A814-4E84-AB90-BEC59BF85550}.Debug|iPhone.Build.0 = Debug|x86
		{74B59ACF-A814-4E84-AB90-BEC59BF85550}.Debug|iPhone.Deploy.0 = Debug|x86
		{74B59ACF-A814-4E84-AB90-BEC59BF85550}.Debug|iPhoneSimulator.ActiveCfg = Debug|x86
		{74B59ACF-A814-4E84-AB90-BEC59BF85550}.Debug|iPhoneSimulator.Build.0 = Debug|x86
		{74B59ACF-A814-4E84-AB90-BEC59BF85550}.Debug|iPhoneSimulator.Deploy.0 = Debug|x86
		{74B59ACF-A814-4E84-AB90-BEC59BF85550}.Debug|x64.ActiveCfg = Debug|x64
		{74B59ACF-A814-4E84-AB90-BEC59BF85550}.Debug|x64.Build.0 = Debug|x64
		{74B59ACF-A814-4E84-AB90-BEC59BF85550}.Debug|x64.Deploy.0 = Debug|x64
		{74B59ACF-A814-4E84-AB90-BEC59BF85550}.Debug|x86.ActiveCfg = Debug|x86
		{74B59ACF-A814-4E84-AB90-BEC59BF85550}.Debug|x86.Build.0 = Debug|x86
		{74B59ACF-A814-4E84-AB90-BEC59BF85550}.Debug|x86.Deploy.0 = Debug|x86
		{74B59ACF-A814-4E84-AB90-BEC59BF85550}.Release|Any CPU.ActiveCfg = Release|x86
		{74B59ACF-A814-4E84-AB90-BEC59BF85550}.Release|Any CPU.Build.0 = Release|x86
		{74B59ACF-A814-4E84-AB90-BEC59BF85550}.Release|Any CPU.Deploy.0 = Release|x86
		{74B59ACF-A814-4E84-AB90-BEC59BF85550}.Release|ARM.ActiveCfg = Release|ARM
		{74B59ACF-A814-4E84-AB90-BEC59BF85550}.Release|ARM.Build.0 = Release|ARM
		{74B59ACF-A814-4E84-AB90-BEC59BF85550}.Release|ARM.Deploy.0 = Release|ARM
		{74B59ACF-A814-4E84-AB90-BEC59BF85550}.Release|iPhone.ActiveCfg = Release|x86
		{74B59ACF-A814-4E84-AB90-BEC59BF85550}.Release|iPhone.Build.0 = Release|x86
		{74B59ACF-A814-4E84-AB90-BEC59BF85550}.Release|iPhone.Deploy.0 = Release|x86
		{74B59ACF-A814-4E84-AB90-BEC59BF85550}.Release|iPhoneSimulator.ActiveCfg = Release|x86
		{74B59ACF-A814-4E84-AB90-BEC59BF85550}.Release|iPhoneSimulator.Build.0 = Release|x86
		{74B59ACF-A814-4E84-AB90-BEC59BF85550}.Release|iPhoneSimulator.Deploy.0 = Release|x86
		{74B59ACF-A814-4E84-AB90-BEC59BF85550}.Release|x64.ActiveCfg = Release|x64
		{74B59ACF-A814-4E84-AB90-BEC59BF85550}.Release|x64.Build.0 = Release|x64
		{74B59ACF-A814-4E84-AB90-BEC59BF85550}.Release|x64.Deploy.0 = Release|x64
		{74B59ACF-A814-4E84-AB90-BEC59BF85550}.Release|x86.ActiveCfg = Release|x86
		{74B59ACF-A814-4E84-AB90-BEC59BF85550}.Release|x86.Build.0 = Release|x86
		{74B59ACF-A814-4E84-AB90-BEC59BF85550}.Release|x86.Deploy.0 = Release|x86
		{7E8AB856-1064-468B-8431-943FEC624B80}.Debug|Any CPU.ActiveCfg = Debug|Any CPU
		{7E8AB856-1064-468B-8431-943FEC624B80}.Debug|Any CPU.Build.0 = Debug|Any CPU
		{7E8AB856-1064-468B-8431-943FEC624B80}.Debug|Any CPU.Deploy.0 = Debug|Any CPU
		{7E8AB856-1064-468B-8431-943FEC624B80}.Debug|ARM.ActiveCfg = Debug|Any CPU
		{7E8AB856-1064-468B-8431-943FEC624B80}.Debug|ARM.Build.0 = Debug|Any CPU
		{7E8AB856-1064-468B-8431-943FEC624B80}.Debug|ARM.Deploy.0 = Debug|Any CPU
		{7E8AB856-1064-468B-8431-943FEC624B80}.Debug|iPhone.ActiveCfg = Debug|Any CPU
		{7E8AB856-1064-468B-8431-943FEC624B80}.Debug|iPhone.Build.0 = Debug|Any CPU
		{7E8AB856-1064-468B-8431-943FEC624B80}.Debug|iPhone.Deploy.0 = Debug|Any CPU
		{7E8AB856-1064-468B-8431-943FEC624B80}.Debug|iPhoneSimulator.ActiveCfg = Debug|Any CPU
		{7E8AB856-1064-468B-8431-943FEC624B80}.Debug|iPhoneSimulator.Build.0 = Debug|Any CPU
		{7E8AB856-1064-468B-8431-943FEC624B80}.Debug|iPhoneSimulator.Deploy.0 = Debug|Any CPU
		{7E8AB856-1064-468B-8431-943FEC624B80}.Debug|x64.ActiveCfg = Debug|Any CPU
		{7E8AB856-1064-468B-8431-943FEC624B80}.Debug|x64.Build.0 = Debug|Any CPU
		{7E8AB856-1064-468B-8431-943FEC624B80}.Debug|x64.Deploy.0 = Debug|Any CPU
		{7E8AB856-1064-468B-8431-943FEC624B80}.Debug|x86.ActiveCfg = Debug|Any CPU
		{7E8AB856-1064-468B-8431-943FEC624B80}.Debug|x86.Build.0 = Debug|Any CPU
		{7E8AB856-1064-468B-8431-943FEC624B80}.Debug|x86.Deploy.0 = Debug|Any CPU
		{7E8AB856-1064-468B-8431-943FEC624B80}.Release|Any CPU.ActiveCfg = Release|Any CPU
		{7E8AB856-1064-468B-8431-943FEC624B80}.Release|Any CPU.Build.0 = Release|Any CPU
		{7E8AB856-1064-468B-8431-943FEC624B80}.Release|Any CPU.Deploy.0 = Release|Any CPU
		{7E8AB856-1064-468B-8431-943FEC624B80}.Release|ARM.ActiveCfg = Release|Any CPU
		{7E8AB856-1064-468B-8431-943FEC624B80}.Release|ARM.Build.0 = Release|Any CPU
		{7E8AB856-1064-468B-8431-943FEC624B80}.Release|ARM.Deploy.0 = Release|Any CPU
		{7E8AB856-1064-468B-8431-943FEC624B80}.Release|iPhone.ActiveCfg = Release|Any CPU
		{7E8AB856-1064-468B-8431-943FEC624B80}.Release|iPhone.Build.0 = Release|Any CPU
		{7E8AB856-1064-468B-8431-943FEC624B80}.Release|iPhone.Deploy.0 = Release|Any CPU
		{7E8AB856-1064-468B-8431-943FEC624B80}.Release|iPhoneSimulator.ActiveCfg = Release|Any CPU
		{7E8AB856-1064-468B-8431-943FEC624B80}.Release|iPhoneSimulator.Build.0 = Release|Any CPU
		{7E8AB856-1064-468B-8431-943FEC624B80}.Release|iPhoneSimulator.Deploy.0 = Release|Any CPU
		{7E8AB856-1064-468B-8431-943FEC624B80}.Release|x64.ActiveCfg = Release|Any CPU
		{7E8AB856-1064-468B-8431-943FEC624B80}.Release|x64.Build.0 = Release|Any CPU
		{7E8AB856-1064-468B-8431-943FEC624B80}.Release|x64.Deploy.0 = Release|Any CPU
		{7E8AB856-1064-468B-8431-943FEC624B80}.Release|x86.ActiveCfg = Release|Any CPU
		{7E8AB856-1064-468B-8431-943FEC624B80}.Release|x86.Build.0 = Release|Any CPU
		{7E8AB856-1064-468B-8431-943FEC624B80}.Release|x86.Deploy.0 = Release|Any CPU
		{8CF876A3-7B8F-4348-ACE1-427CC9D5DD11}.Debug|Any CPU.ActiveCfg = Debug|iPhoneSimulator
		{8CF876A3-7B8F-4348-ACE1-427CC9D5DD11}.Debug|Any CPU.Build.0 = Debug|iPhoneSimulator
		{8CF876A3-7B8F-4348-ACE1-427CC9D5DD11}.Debug|Any CPU.Deploy.0 = Debug|iPhoneSimulator
		{8CF876A3-7B8F-4348-ACE1-427CC9D5DD11}.Debug|ARM.ActiveCfg = Debug|iPhone
		{8CF876A3-7B8F-4348-ACE1-427CC9D5DD11}.Debug|ARM.Build.0 = Debug|iPhone
		{8CF876A3-7B8F-4348-ACE1-427CC9D5DD11}.Debug|ARM.Deploy.0 = Debug|iPhone
		{8CF876A3-7B8F-4348-ACE1-427CC9D5DD11}.Debug|iPhone.ActiveCfg = Debug|iPhone
		{8CF876A3-7B8F-4348-ACE1-427CC9D5DD11}.Debug|iPhone.Build.0 = Debug|iPhone
		{8CF876A3-7B8F-4348-ACE1-427CC9D5DD11}.Debug|iPhone.Deploy.0 = Debug|iPhone
		{8CF876A3-7B8F-4348-ACE1-427CC9D5DD11}.Debug|iPhoneSimulator.ActiveCfg = Debug|iPhoneSimulator
		{8CF876A3-7B8F-4348-ACE1-427CC9D5DD11}.Debug|iPhoneSimulator.Build.0 = Debug|iPhoneSimulator
		{8CF876A3-7B8F-4348-ACE1-427CC9D5DD11}.Debug|iPhoneSimulator.Deploy.0 = Debug|iPhoneSimulator
		{8CF876A3-7B8F-4348-ACE1-427CC9D5DD11}.Debug|x64.ActiveCfg = Debug|iPhoneSimulator
		{8CF876A3-7B8F-4348-ACE1-427CC9D5DD11}.Debug|x64.Build.0 = Debug|iPhoneSimulator
		{8CF876A3-7B8F-4348-ACE1-427CC9D5DD11}.Debug|x64.Deploy.0 = Debug|iPhoneSimulator
		{8CF876A3-7B8F-4348-ACE1-427CC9D5DD11}.Debug|x86.ActiveCfg = Debug|iPhoneSimulator
		{8CF876A3-7B8F-4348-ACE1-427CC9D5DD11}.Debug|x86.Build.0 = Debug|iPhoneSimulator
		{8CF876A3-7B8F-4348-ACE1-427CC9D5DD11}.Debug|x86.Deploy.0 = Debug|iPhoneSimulator
		{8CF876A3-7B8F-4348-ACE1-427CC9D5DD11}.Release|Any CPU.ActiveCfg = Release|iPhoneSimulator
		{8CF876A3-7B8F-4348-ACE1-427CC9D5DD11}.Release|Any CPU.Build.0 = Release|iPhoneSimulator
		{8CF876A3-7B8F-4348-ACE1-427CC9D5DD11}.Release|Any CPU.Deploy.0 = Release|iPhoneSimulator
		{8CF876A3-7B8F-4348-ACE1-427CC9D5DD11}.Release|ARM.ActiveCfg = Release|iPhoneSimulator
		{8CF876A3-7B8F-4348-ACE1-427CC9D5DD11}.Release|ARM.Build.0 = Release|iPhoneSimulator
		{8CF876A3-7B8F-4348-ACE1-427CC9D5DD11}.Release|ARM.Deploy.0 = Release|iPhoneSimulator
		{8CF876A3-7B8F-4348-ACE1-427CC9D5DD11}.Release|iPhone.ActiveCfg = Release|iPhone
		{8CF876A3-7B8F-4348-ACE1-427CC9D5DD11}.Release|iPhone.Build.0 = Release|iPhone
		{8CF876A3-7B8F-4348-ACE1-427CC9D5DD11}.Release|iPhone.Deploy.0 = Release|iPhone
		{8CF876A3-7B8F-4348-ACE1-427CC9D5DD11}.Release|iPhoneSimulator.ActiveCfg = Release|iPhoneSimulator
		{8CF876A3-7B8F-4348-ACE1-427CC9D5DD11}.Release|iPhoneSimulator.Build.0 = Release|iPhoneSimulator
		{8CF876A3-7B8F-4348-ACE1-427CC9D5DD11}.Release|iPhoneSimulator.Deploy.0 = Release|iPhoneSimulator
		{8CF876A3-7B8F-4348-ACE1-427CC9D5DD11}.Release|x64.ActiveCfg = Release|iPhoneSimulator
		{8CF876A3-7B8F-4348-ACE1-427CC9D5DD11}.Release|x64.Build.0 = Release|iPhoneSimulator
		{8CF876A3-7B8F-4348-ACE1-427CC9D5DD11}.Release|x64.Deploy.0 = Release|iPhoneSimulator
		{8CF876A3-7B8F-4348-ACE1-427CC9D5DD11}.Release|x86.ActiveCfg = Release|iPhoneSimulator
		{8CF876A3-7B8F-4348-ACE1-427CC9D5DD11}.Release|x86.Build.0 = Release|iPhoneSimulator
		{8CF876A3-7B8F-4348-ACE1-427CC9D5DD11}.Release|x86.Deploy.0 = Release|iPhoneSimulator
		{C400CB7B-6BA1-432C-903A-45BB359C6F04}.Debug|Any CPU.ActiveCfg = Debug|Any CPU
		{C400CB7B-6BA1-432C-903A-45BB359C6F04}.Debug|Any CPU.Build.0 = Debug|Any CPU
		{C400CB7B-6BA1-432C-903A-45BB359C6F04}.Debug|Any CPU.Deploy.0 = Debug|Any CPU
		{C400CB7B-6BA1-432C-903A-45BB359C6F04}.Debug|ARM.ActiveCfg = Debug|Any CPU
		{C400CB7B-6BA1-432C-903A-45BB359C6F04}.Debug|ARM.Build.0 = Debug|Any CPU
		{C400CB7B-6BA1-432C-903A-45BB359C6F04}.Debug|ARM.Deploy.0 = Debug|Any CPU
		{C400CB7B-6BA1-432C-903A-45BB359C6F04}.Debug|iPhone.ActiveCfg = Debug|Any CPU
		{C400CB7B-6BA1-432C-903A-45BB359C6F04}.Debug|iPhone.Build.0 = Debug|Any CPU
		{C400CB7B-6BA1-432C-903A-45BB359C6F04}.Debug|iPhone.Deploy.0 = Debug|Any CPU
		{C400CB7B-6BA1-432C-903A-45BB359C6F04}.Debug|iPhoneSimulator.ActiveCfg = Debug|Any CPU
		{C400CB7B-6BA1-432C-903A-45BB359C6F04}.Debug|iPhoneSimulator.Build.0 = Debug|Any CPU
		{C400CB7B-6BA1-432C-903A-45BB359C6F04}.Debug|iPhoneSimulator.Deploy.0 = Debug|Any CPU
		{C400CB7B-6BA1-432C-903A-45BB359C6F04}.Debug|x64.ActiveCfg = Debug|Any CPU
		{C400CB7B-6BA1-432C-903A-45BB359C6F04}.Debug|x64.Build.0 = Debug|Any CPU
		{C400CB7B-6BA1-432C-903A-45BB359C6F04}.Debug|x64.Deploy.0 = Debug|Any CPU
		{C400CB7B-6BA1-432C-903A-45BB359C6F04}.Debug|x86.ActiveCfg = Debug|Any CPU
		{C400CB7B-6BA1-432C-903A-45BB359C6F04}.Debug|x86.Build.0 = Debug|Any CPU
		{C400CB7B-6BA1-432C-903A-45BB359C6F04}.Debug|x86.Deploy.0 = Debug|Any CPU
		{C400CB7B-6BA1-432C-903A-45BB359C6F04}.Release|Any CPU.ActiveCfg = Release|Any CPU
		{C400CB7B-6BA1-432C-903A-45BB359C6F04}.Release|Any CPU.Build.0 = Release|Any CPU
		{C400CB7B-6BA1-432C-903A-45BB359C6F04}.Release|Any CPU.Deploy.0 = Release|Any CPU
		{C400CB7B-6BA1-432C-903A-45BB359C6F04}.Release|ARM.ActiveCfg = Release|Any CPU
		{C400CB7B-6BA1-432C-903A-45BB359C6F04}.Release|ARM.Build.0 = Release|Any CPU
		{C400CB7B-6BA1-432C-903A-45BB359C6F04}.Release|ARM.Deploy.0 = Release|Any CPU
		{C400CB7B-6BA1-432C-903A-45BB359C6F04}.Release|iPhone.ActiveCfg = Release|Any CPU
		{C400CB7B-6BA1-432C-903A-45BB359C6F04}.Release|iPhone.Build.0 = Release|Any CPU
		{C400CB7B-6BA1-432C-903A-45BB359C6F04}.Release|iPhone.Deploy.0 = Release|Any CPU
		{C400CB7B-6BA1-432C-903A-45BB359C6F04}.Release|iPhoneSimulator.ActiveCfg = Release|Any CPU
		{C400CB7B-6BA1-432C-903A-45BB359C6F04}.Release|iPhoneSimulator.Build.0 = Release|Any CPU
		{C400CB7B-6BA1-432C-903A-45BB359C6F04}.Release|iPhoneSimulator.Deploy.0 = Release|Any CPU
		{C400CB7B-6BA1-432C-903A-45BB359C6F04}.Release|x64.ActiveCfg = Release|Any CPU
		{C400CB7B-6BA1-432C-903A-45BB359C6F04}.Release|x64.Build.0 = Release|Any CPU
		{C400CB7B-6BA1-432C-903A-45BB359C6F04}.Release|x64.Deploy.0 = Release|Any CPU
		{C400CB7B-6BA1-432C-903A-45BB359C6F04}.Release|x86.ActiveCfg = Release|Any CPU
		{C400CB7B-6BA1-432C-903A-45BB359C6F04}.Release|x86.Build.0 = Release|Any CPU
		{C400CB7B-6BA1-432C-903A-45BB359C6F04}.Release|x86.Deploy.0 = Release|Any CPU
	EndGlobalSection
	GlobalSection(SolutionProperties) = preSolution
		HideSolutionNode = FALSE
	EndGlobalSection
	GlobalSection(ExtensibilityGlobals) = postSolution
		SolutionGuid = {AAE0B9F9-DB93-4DB2-83FA-39F3761829AB}
	EndGlobalSection
EndGlobal
